// !$*UTF8*$!
{
	archiveVersion = 1;
	classes = {
	};
	objectVersion = 55;
	objects = {

/* Begin PBXBuildFile section */
		20D96FC2289E331600B4D6EB /* AppDelegate.swift in Sources */ = {isa = PBXBuildFile; fileRef = 20D96FC1289E331600B4D6EB /* AppDelegate.swift */; };
		20D96FC4289E331600B4D6EB /* SceneDelegate.swift in Sources */ = {isa = PBXBuildFile; fileRef = 20D96FC3289E331600B4D6EB /* SceneDelegate.swift */; };
		20D96FC6289E331600B4D6EB /* ViewController.swift in Sources */ = {isa = PBXBuildFile; fileRef = 20D96FC5289E331600B4D6EB /* ViewController.swift */; };
		20D96FC9289E331600B4D6EB /* Main.storyboard in Resources */ = {isa = PBXBuildFile; fileRef = 20D96FC7289E331600B4D6EB /* Main.storyboard */; };
		20D96FCB289E331700B4D6EB /* Assets.xcassets in Resources */ = {isa = PBXBuildFile; fileRef = 20D96FCA289E331700B4D6EB /* Assets.xcassets */; };
		20D96FCE289E331700B4D6EB /* LaunchScreen.storyboard in Resources */ = {isa = PBXBuildFile; fileRef = 20D96FCC289E331700B4D6EB /* LaunchScreen.storyboard */; };
		20D96FD8289E338900B4D6EB /* CustomCell.xib in Resources */ = {isa = PBXBuildFile; fileRef = 20D96FD7289E338900B4D6EB /* CustomCell.xib */; };
		20D96FDA289E33DD00B4D6EB /* CustomCollectionVC.swift in Sources */ = {isa = PBXBuildFile; fileRef = 20D96FD9289E33DD00B4D6EB /* CustomCollectionVC.swift */; };
		20D96FDC289E34B500B4D6EB /* CustomCell.swift in Sources */ = {isa = PBXBuildFile; fileRef = 20D96FDB289E34B500B4D6EB /* CustomCell.swift */; };
/* End PBXBuildFile section */

/* Begin PBXFileReference section */
		20D96FBE289E331600B4D6EB /* CompositionCollectionView.app */ = {isa = PBXFileReference; explicitFileType = wrapper.application; includeInIndex = 0; path = CompositionCollectionView.app; sourceTree = BUILT_PRODUCTS_DIR; };
		20D96FC1289E331600B4D6EB /* AppDelegate.swift */ = {isa = PBXFileReference; lastKnownFileType = sourcecode.swift; path = AppDelegate.swift; sourceTree = "<group>"; };
		20D96FC3289E331600B4D6EB /* SceneDelegate.swift */ = {isa = PBXFileReference; lastKnownFileType = sourcecode.swift; path = SceneDelegate.swift; sourceTree = "<group>"; };
		20D96FC5289E331600B4D6EB /* ViewController.swift */ = {isa = PBXFileReference; lastKnownFileType = sourcecode.swift; path = ViewController.swift; sourceTree = "<group>"; };
		20D96FC8289E331600B4D6EB /* Base */ = {isa = PBXFileReference; lastKnownFileType = file.storyboard; name = Base; path = Base.lproj/Main.storyboard; sourceTree = "<group>"; };
		20D96FCA289E331700B4D6EB /* Assets.xcassets */ = {isa = PBXFileReference; lastKnownFileType = folder.assetcatalog; path = Assets.xcassets; sourceTree = "<group>"; };
		20D96FCD289E331700B4D6EB /* Base */ = {isa = PBXFileReference; lastKnownFileType = file.storyboard; name = Base; path = Base.lproj/LaunchScreen.storyboard; sourceTree = "<group>"; };
		20D96FCF289E331700B4D6EB /* Info.plist */ = {isa = PBXFileReference; lastKnownFileType = text.plist.xml; path = Info.plist; sourceTree = "<group>"; };
		20D96FD7289E338900B4D6EB /* CustomCell.xib */ = {isa = PBXFileReference; lastKnownFileType = file.xib; path = CustomCell.xib; sourceTree = "<group>"; };
		20D96FD9289E33DD00B4D6EB /* CustomCollectionVC.swift */ = {isa = PBXFileReference; lastKnownFileType = sourcecode.swift; path = CustomCollectionVC.swift; sourceTree = "<group>"; };
		20D96FDB289E34B500B4D6EB /* CustomCell.swift */ = {isa = PBXFileReference; lastKnownFileType = sourcecode.swift; path = CustomCell.swift; sourceTree = "<group>"; };
/* End PBXFileReference section */

/* Begin PBXFrameworksBuildPhase section */
		20D96FBB289E331600B4D6EB /* Frameworks */ = {
			isa = PBXFrameworksBuildPhase;
			buildActionMask = 2147483647;
			files = (
			);
			runOnlyForDeploymentPostprocessing = 0;
		};
/* End PBXFrameworksBuildPhase section */

/* Begin PBXGroup section */
		20D96FB5289E331600B4D6EB = {
			isa = PBXGroup;
			children = (
				20D96FC0289E331600B4D6EB /* CompositionCollectionView */,
				20D96FBF289E331600B4D6EB /* Products */,
			);
			sourceTree = "<group>";
		};
		20D96FBF289E331600B4D6EB /* Products */ = {
			isa = PBXGroup;
			children = (
				20D96FBE289E331600B4D6EB /* CompositionCollectionView.app */,
			);
			name = Products;
			sourceTree = "<group>";
		};
		20D96FC0289E331600B4D6EB /* CompositionCollectionView */ = {
			isa = PBXGroup;
			children = (
				20D96FC1289E331600B4D6EB /* AppDelegate.swift */,
				20D96FC3289E331600B4D6EB /* SceneDelegate.swift */,
				20D96FC5289E331600B4D6EB /* ViewController.swift */,
				20D96FD9289E33DD00B4D6EB /* CustomCollectionVC.swift */,
				20D96FDB289E34B500B4D6EB /* CustomCell.swift */,
				20D96FC7289E331600B4D6EB /* Main.storyboard */,
				20D96FD7289E338900B4D6EB /* CustomCell.xib */,
				20D96FCA289E331700B4D6EB /* Assets.xcassets */,
				20D96FCC289E331700B4D6EB /* LaunchScreen.storyboard */,
				20D96FCF289E331700B4D6EB /* Info.plist */,
			);
			path = CompositionCollectionView;
			sourceTree = "<group>";
		};
/* End PBXGroup section */

/* Begin PBXNativeTarget section */
		20D96FBD289E331600B4D6EB /* CompositionCollectionView */ = {
			isa = PBXNativeTarget;
			buildConfigurationList = 20D96FD2289E331700B4D6EB /* Build configuration list for PBXNativeTarget "CompositionCollectionView" */;
			buildPhases = (
				20D96FBA289E331600B4D6EB /* Sources */,
				20D96FBB289E331600B4D6EB /* Frameworks */,
				20D96FBC289E331600B4D6EB /* Resources */,
			);
			buildRules = (
			);
			dependencies = (
			);
			name = CompositionCollectionView;
			productName = CompositionCollectionView;
			productReference = 20D96FBE289E331600B4D6EB /* CompositionCollectionView.app */;
			productType = "com.apple.product-type.application";
		};
/* End PBXNativeTarget section */

/* Begin PBXProject section */
		20D96FB6289E331600B4D6EB /* Project object */ = {
			isa = PBXProject;
			attributes = {
				BuildIndependentTargetsInParallel = 1;
				LastSwiftUpdateCheck = 1340;
				LastUpgradeCheck = 1340;
				TargetAttributes = {
					20D96FBD289E331600B4D6EB = {
						CreatedOnToolsVersion = 13.4.1;
					};
				};
			};
			buildConfigurationList = 20D96FB9289E331600B4D6EB /* Build configuration list for PBXProject "CompositionCollectionView" */;
			compatibilityVersion = "Xcode 13.0";
			developmentRegion = en;
			hasScannedForEncodings = 0;
			knownRegions = (
				en,
				Base,
			);
			mainGroup = 20D96FB5289E331600B4D6EB;
			productRefGroup = 20D96FBF289E331600B4D6EB /* Products */;
			projectDirPath = "";
			projectRoot = "";
			targets = (
				20D96FBD289E331600B4D6EB /* CompositionCollectionView */,
			);
		};
/* End PBXProject section */

/* Begin PBXResourcesBuildPhase section */
		20D96FBC289E331600B4D6EB /* Resources */ = {
			isa = PBXResourcesBuildPhase;
			buildActionMask = 2147483647;
			files = (
				20D96FD8289E338900B4D6EB /* CustomCell.xib in Resources */,
				20D96FCE289E331700B4D6EB /* LaunchScreen.storyboard in Resources */,
				20D96FCB289E331700B4D6EB /* Assets.xcassets in Resources */,
				20D96FC9289E331600B4D6EB /* Main.storyboard in Resources */,
			);
			runOnlyForDeploymentPostprocessing = 0;
		};
/* End PBXResourcesBuildPhase section */

/* Begin PBXSourcesBuildPhase section */
		20D96FBA289E331600B4D6EB /* Sources */ = {
			isa = PBXSourcesBuildPhase;
			buildActionMask = 2147483647;
			files = (
				20D96FC6289E331600B4D6EB /* ViewController.swift in Sources */,
				20D96FDC289E34B500B4D6EB /* CustomCell.swift in Sources */,
				20D96FC2289E331600B4D6EB /* AppDelegate.swift in Sources */,
				20D96FC4289E331600B4D6EB /* SceneDelegate.swift in Sources */,
				20D96FDA289E33DD00B4D6EB /* CustomCollectionVC.swift in Sources */,
			);
			runOnlyForDeploymentPostprocessing = 0;
		};
/* End PBXSourcesBuildPhase section */

/* Begin PBXVariantGroup section */
		20D96FC7289E331600B4D6EB /* Main.storyboard */ = {
			isa = PBXVariantGroup;
			children = (
				20D96FC8289E331600B4D6EB /* Base */,
			);
			name = Main.storyboard;
			sourceTree = "<group>";
		};
		20D96FCC289E331700B4D6EB /* LaunchScreen.storyboard */ = {
			isa = PBXVariantGroup;
			children = (
				20D96FCD289E331700B4D6EB /* Base */,
			);
			name = LaunchScreen.storyboard;
			sourceTree = "<group>";
		};
/* End PBXVariantGroup section */

/* Begin XCBuildConfiguration section */
		20D96FD0289E331700B4D6EB /* Debug */ = {
			isa = XCBuildConfiguration;
			buildSettings = {
				ALWAYS_SEARCH_USER_PATHS = NO;
				CLANG_ANALYZER_NONNULL = YES;
				CLANG_ANALYZER_NUMBER_OBJECT_CONVERSION = YES_AGGRESSIVE;
				CLANG_CXX_LANGUAGE_STANDARD = "gnu++17";
				CLANG_ENABLE_MODULES = YES;
				CLANG_ENABLE_OBJC_ARC = YES;
				CLANG_ENABLE_OBJC_WEAK = YES;
				CLANG_WARN_BLOCK_CAPTURE_AUTORELEASING = YES;
				CLANG_WARN_BOOL_CONVERSION = YES;
				CLANG_WARN_COMMA = YES;
				CLANG_WARN_CONSTANT_CONVERSION = YES;
				CLANG_WARN_DEPRECATED_OBJC_IMPLEMENTATIONS = YES;
				CLANG_WARN_DIRECT_OBJC_ISA_USAGE = YES_ERROR;
				CLANG_WARN_DOCUMENTATION_COMMENTS = YES;
				CLANG_WARN_EMPTY_BODY = YES;
				CLANG_WARN_ENUM_CONVERSION = YES;
				CLANG_WARN_INFINITE_RECURSION = YES;
				CLANG_WARN_INT_CONVERSION = YES;
				CLANG_WARN_NON_LITERAL_NULL_CONVERSION = YES;
				CLANG_WARN_OBJC_IMPLICIT_RETAIN_SELF = YES;
				CLANG_WARN_OBJC_LITERAL_CONVERSION = YES;
				CLANG_WARN_OBJC_ROOT_CLASS = YES_ERROR;
				CLANG_WARN_QUOTED_INCLUDE_IN_FRAMEWORK_HEADER = YES;
				CLANG_WARN_RANGE_LOOP_ANALYSIS = YES;
				CLANG_WARN_STRICT_PROTOTYPES = YES;
				CLANG_WARN_SUSPICIOUS_MOVE = YES;
				CLANG_WARN_UNGUARDED_AVAILABILITY = YES_AGGRESSIVE;
				CLANG_WARN_UNREACHABLE_CODE = YES;
				CLANG_WARN__DUPLICATE_METHOD_MATCH = YES;
				COPY_PHASE_STRIP = NO;
				DEBUG_INFORMATION_FORMAT = dwarf;
				ENABLE_STRICT_OBJC_MSGSEND = YES;
				ENABLE_TESTABILITY = YES;
				GCC_C_LANGUAGE_STANDARD = gnu11;
				GCC_DYNAMIC_NO_PIC = NO;
				GCC_NO_COMMON_BLOCKS = YES;
				GCC_OPTIMIZATION_LEVEL = 0;
				GCC_PREPROCESSOR_DEFINITIONS = (
					"DEBUG=1",
					"$(inherited)",
				);
				GCC_WARN_64_TO_32_BIT_CONVERSION = YES;
				GCC_WARN_ABOUT_RETURN_TYPE = YES_ERROR;
				GCC_WARN_UNDECLARED_SELECTOR = YES;
				GCC_WARN_UNINITIALIZED_AUTOS = YES_AGGRESSIVE;
				GCC_WARN_UNUSED_FUNCTION = YES;
				GCC_WARN_UNUSED_VARIABLE = YES;
				IPHONEOS_DEPLOYMENT_TARGET = 15.5;
				MTL_ENABLE_DEBUG_INFO = INCLUDE_SOURCE;
				MTL_FAST_MATH = YES;
				ONLY_ACTIVE_ARCH = YES;
				SDKROOT = iphoneos;
				SWIFT_ACTIVE_COMPILATION_CONDITIONS = DEBUG;
				SWIFT_OPTIMIZATION_LEVEL = "-Onone";
			};
			name = Debug;
		};
		20D96FD1289E331700B4D6EB /* Release */ = {
			isa = XCBuildConfiguration;
			buildSettings = {
				ALWAYS_SEARCH_USER_PATHS = NO;
				CLANG_ANALYZER_NONNULL = YES;
				CLANG_ANALYZER_NUMBER_OBJECT_CONVERSION = YES_AGGRESSIVE;
				CLANG_CXX_LANGUAGE_STANDARD = "gnu++17";
				CLANG_ENABLE_MODULES = YES;
				CLANG_ENABLE_OBJC_ARC = YES;
				CLANG_ENABLE_OBJC_WEAK = YES;
				CLANG_WARN_BLOCK_CAPTURE_AUTORELEASING = YES;
				CLANG_WARN_BOOL_CONVERSION = YES;
				CLANG_WARN_COMMA = YES;
				CLANG_WARN_CONSTANT_CONVERSION = YES;
				CLANG_WARN_DEPRECATED_OBJC_IMPLEMENTATIONS = YES;
				CLANG_WARN_DIRECT_OBJC_ISA_USAGE = YES_ERROR;
				CLANG_WARN_DOCUMENTATION_COMMENTS = YES;
				CLANG_WARN_EMPTY_BODY = YES;
				CLANG_WARN_ENUM_CONVERSION = YES;
				CLANG_WARN_INFINITE_RECURSION = YES;
				CLANG_WARN_INT_CONVERSION = YES;
				CLANG_WARN_NON_LITERAL_NULL_CONVERSION = YES;
				CLANG_WARN_OBJC_IMPLICIT_RETAIN_SELF = YES;
				CLANG_WARN_OBJC_LITERAL_CONVERSION = YES;
				CLANG_WARN_OBJC_ROOT_CLASS = YES_ERROR;
				CLANG_WARN_QUOTED_INCLUDE_IN_FRAMEWORK_HEADER = YES;
				CLANG_WARN_RANGE_LOOP_ANALYSIS = YES;
				CLANG_WARN_STRICT_PROTOTYPES = YES;
				CLANG_WARN_SUSPICIOUS_MOVE = YES;
				CLANG_WARN_UNGUARDED_AVAILABILITY = YES_AGGRESSIVE;
				CLANG_WARN_UNREACHABLE_CODE = YES;
				CLANG_WARN__DUPLICATE_METHOD_MATCH = YES;
				COPY_PHASE_STRIP = NO;
				DEBUG_INFORMATION_FORMAT = "dwarf-with-dsym";
				ENABLE_NS_ASSERTIONS = NO;
				ENABLE_STRICT_OBJC_MSGSEND = YES;
				GCC_C_LANGUAGE_STANDARD = gnu11;
				GCC_NO_COMMON_BLOCKS = YES;
				GCC_WARN_64_TO_32_BIT_CONVERSION = YES;
				GCC_WARN_ABOUT_RETURN_TYPE = YES_ERROR;
				GCC_WARN_UNDECLARED_SELECTOR = YES;
				GCC_WARN_UNINITIALIZED_AUTOS = YES_AGGRESSIVE;
				GCC_WARN_UNUSED_FUNCTION = YES;
				GCC_WARN_UNUSED_VARIABLE = YES;
				IPHONEOS_DEPLOYMENT_TARGET = 15.5;
				MTL_ENABLE_DEBUG_INFO = NO;
				MTL_FAST_MATH = YES;
				SDKROOT = iphoneos;
				SWIFT_COMPILATION_MODE = wholemodule;
				SWIFT_OPTIMIZATION_LEVEL = "-O";
				VALIDATE_PRODUCT = YES;
			};
			name = Release;
		};
		20D96FD3289E331700B4D6EB /* Debug */ = {
			isa = XCBuildConfiguration;
			buildSettings = {
				ASSETCATALOG_COMPILER_APPICON_NAME = AppIcon;
				ASSETCATALOG_COMPILER_GLOBAL_ACCENT_COLOR_NAME = AccentColor;
				CODE_SIGN_STYLE = Automatic;
				CURRENT_PROJECT_VERSION = 1;
				DEVELOPMENT_TEAM = 5857WA4NG3;
				GENERATE_INFOPLIST_FILE = YES;
				INFOPLIST_FILE = CompositionCollectionView/Info.plist;
				INFOPLIST_KEY_UIApplicationSupportsIndirectInputEvents = YES;
				INFOPLIST_KEY_UILaunchStoryboardName = LaunchScreen;
				INFOPLIST_KEY_UIMainStoryboardFile = Main;
				INFOPLIST_KEY_UISupportedInterfaceOrientations_iPad = "UIInterfaceOrientationPortrait UIInterfaceOrientationPortraitUpsideDown UIInterfaceOrientationLandscapeLeft UIInterfaceOrientationLandscapeRight";
				INFOPLIST_KEY_UISupportedInterfaceOrientations_iPhone = "UIInterfaceOrientationPortrait UIInterfaceOrientationLandscapeLeft UIInterfaceOrientationLandscapeRight";
				LD_RUNPATH_SEARCH_PATHS = (
					"$(inherited)",
					"@executable_path/Frameworks",
				);
				MARKETING_VERSION = 1.0;
				PRODUCT_BUNDLE_IDENTIFIER = com.reallywantit.CompositionCollectionView;
				PRODUCT_NAME = "$(TARGET_NAME)";
				SWIFT_EMIT_LOC_STRINGS = YES;
				SWIFT_VERSION = 5.0;
				TARGETED_DEVICE_FAMILY = "1,2";
			};
			name = Debug;
		};
		20D96FD4289E331700B4D6EB /* Release */ = {
			isa = XCBuildConfiguration;
			buildSettings = {
				ASSETCATALOG_COMPILER_APPICON_NAME = AppIcon;
				ASSETCATALOG_COMPILER_GLOBAL_ACCENT_COLOR_NAME = AccentColor;
				CODE_SIGN_STYLE = Automatic;
				CURRENT_PROJECT_VERSION = 1;
				DEVELOPMENT_TEAM = 5857WA4NG3;
				GENERATE_INFOPLIST_FILE = YES;
				INFOPLIST_FILE = CompositionCollectionView/Info.plist;
				INFOPLIST_KEY_UIApplicationSupportsIndirectInputEvents = YES;
				INFOPLIST_KEY_UILaunchStoryboardName = LaunchScreen;
				INFOPLIST_KEY_UIMainStoryboardFile = Main;
				INFOPLIST_KEY_UISupportedInterfaceOrientations_iPad = "UIInterfaceOrientationPortrait UIInterfaceOrientationPortraitUpsideDown UIInterfaceOrientationLandscapeLeft UIInterfaceOrientationLandscapeRight";
				INFOPLIST_KEY_UISupportedInterfaceOrientations_iPhone = "UIInterfaceOrientationPortrait UIInterfaceOrientationLandscapeLeft UIInterfaceOrientationLandscapeRight";
				LD_RUNPATH_SEARCH_PATHS = (
					"$(inherited)",
					"@executable_path/Frameworks",
				);
				MARKETING_VERSION = 1.0;
				PRODUCT_BUNDLE_IDENTIFIER = com.reallywantit.CompositionCollectionView;
				PRODUCT_NAME = "$(TARGET_NAME)";
				SWIFT_EMIT_LOC_STRINGS = YES;
				SWIFT_VERSION = 5.0;
				TARGETED_DEVICE_FAMILY = "1,2";
			};
			name = Release;
		};
/* End XCBuildConfiguration section */

/* Begin XCConfigurationList section */
		20D96FB9289E331600B4D6EB /* Build configuration list for PBXProject "CompositionCollectionView" */ = {
			isa = XCConfigurationList;
			buildConfigurations = (
				20D96FD0289E331700B4D6EB /* Debug */,
				20D96FD1289E331700B4D6EB /* Release */,
			);
			defaultConfigurationIsVisible = 0;
			defaultConfigurationName = Release;
		};
		20D96FD2289E331700B4D6EB /* Build configuration list for PBXNativeTarget "CompositionCollectionView" */ = {
			isa = XCConfigurationList;
			buildConfigurations = (
				20D96FD3289E331700B4D6EB /* Debug */,
				20D96FD4289E331700B4D6EB /* Release */,
			);
			defaultConfigurationIsVisible = 0;
			defaultConfigurationName = Release;
		};
/* End XCConfigurationList section */
	};
	rootObject = 20D96FB6289E331600B4D6EB /* Project object */;
}
